// !$*UTF8*$!
{
	archiveVersion = 1;
	classes = {
	};
	objectVersion = 46;
	objects = {

/* Begin PBXBuildFile section */
		46846EE219B4CA6F00A4F6E5 /* Foundation.framework in Frameworks */ = {isa = PBXBuildFile; fileRef = 46846EE119B4CA6F00A4F6E5 /* Foundation.framework */; };
		46846EE419B4CA6F00A4F6E5 /* CoreGraphics.framework in Frameworks */ = {isa = PBXBuildFile; fileRef = 46846EE319B4CA6F00A4F6E5 /* CoreGraphics.framework */; };
		46846EE619B4CA6F00A4F6E5 /* UIKit.framework in Frameworks */ = {isa = PBXBuildFile; fileRef = 46846EE519B4CA6F00A4F6E5 /* UIKit.framework */; };
		46846EEC19B4CA6F00A4F6E5 /* InfoPlist.strings in Resources */ = {isa = PBXBuildFile; fileRef = 46846EEA19B4CA6F00A4F6E5 /* InfoPlist.strings */; };
		46846EEE19B4CA6F00A4F6E5 /* main.m in Sources */ = {isa = PBXBuildFile; fileRef = 46846EED19B4CA6F00A4F6E5 /* main.m */; };
		46846EF219B4CA6F00A4F6E5 /* BNRAppDelegate.m in Sources */ = {isa = PBXBuildFile; fileRef = 46846EF119B4CA6F00A4F6E5 /* BNRAppDelegate.m */; };
		46846EF419B4CA6F00A4F6E5 /* Images.xcassets in Resources */ = {isa = PBXBuildFile; fileRef = 46846EF319B4CA6F00A4F6E5 /* Images.xcassets */; };
		46846EFB19B4CA6F00A4F6E5 /* XCTest.framework in Frameworks */ = {isa = PBXBuildFile; fileRef = 46846EFA19B4CA6F00A4F6E5 /* XCTest.framework */; };
		46846EFC19B4CA6F00A4F6E5 /* Foundation.framework in Frameworks */ = {isa = PBXBuildFile; fileRef = 46846EE119B4CA6F00A4F6E5 /* Foundation.framework */; };
		46846EFD19B4CA6F00A4F6E5 /* UIKit.framework in Frameworks */ = {isa = PBXBuildFile; fileRef = 46846EE519B4CA6F00A4F6E5 /* UIKit.framework */; };
		46846F0519B4CA6F00A4F6E5 /* InfoPlist.strings in Resources */ = {isa = PBXBuildFile; fileRef = 46846F0319B4CA6F00A4F6E5 /* InfoPlist.strings */; };
		46846F0719B4CA6F00A4F6E5 /* TouchTrackerTests.m in Sources */ = {isa = PBXBuildFile; fileRef = 46846F0619B4CA6F00A4F6E5 /* TouchTrackerTests.m */; };
		46846F1219B4CAA000A4F6E5 /* BNRLine.m in Sources */ = {isa = PBXBuildFile; fileRef = 46846F1119B4CAA000A4F6E5 /* BNRLine.m */; };
		46846F1519B4CB1000A4F6E5 /* BNRDrawView.m in Sources */ = {isa = PBXBuildFile; fileRef = 46846F1419B4CB1000A4F6E5 /* BNRDrawView.m */; };
		46846F1819B4CB6F00A4F6E5 /* BNRDrawViewController.m in Sources */ = {isa = PBXBuildFile; fileRef = 46846F1719B4CB6F00A4F6E5 /* BNRDrawViewController.m */; };
/* End PBXBuildFile section */

/* Begin PBXContainerItemProxy section */
		46846EFE19B4CA6F00A4F6E5 /* PBXContainerItemProxy */ = {
			isa = PBXContainerItemProxy;
			containerPortal = 46846ED619B4CA6F00A4F6E5 /* Project object */;
			proxyType = 1;
			remoteGlobalIDString = 46846EDD19B4CA6F00A4F6E5;
			remoteInfo = TouchTracker;
		};
/* End PBXContainerItemProxy section */

/* Begin PBXFileReference section */
		46846EDE19B4CA6F00A4F6E5 /* TouchTracker.app */ = {isa = PBXFileReference; explicitFileType = wrapper.application; includeInIndex = 0; path = TouchTracker.app; sourceTree = BUILT_PRODUCTS_DIR; };
		46846EE119B4CA6F00A4F6E5 /* Foundation.framework */ = {isa = PBXFileReference; lastKnownFileType = wrapper.framework; name = Foundation.framework; path = System/Library/Frameworks/Foundation.framework; sourceTree = SDKROOT; };
		46846EE319B4CA6F00A4F6E5 /* CoreGraphics.framework */ = {isa = PBXFileReference; lastKnownFileType = wrapper.framework; name = CoreGraphics.framework; path = System/Library/Frameworks/CoreGraphics.framework; sourceTree = SDKROOT; };
		46846EE519B4CA6F00A4F6E5 /* UIKit.framework */ = {isa = PBXFileReference; lastKnownFileType = wrapper.framework; name = UIKit.framework; path = System/Library/Frameworks/UIKit.framework; sourceTree = SDKROOT; };
		46846EE919B4CA6F00A4F6E5 /* TouchTracker-Info.plist */ = {isa = PBXFileReference; lastKnownFileType = text.plist.xml; path = "TouchTracker-Info.plist"; sourceTree = "<group>"; };
		46846EEB19B4CA6F00A4F6E5 /* en */ = {isa = PBXFileReference; lastKnownFileType = text.plist.strings; name = en; path = en.lproj/InfoPlist.strings; sourceTree = "<group>"; };
		46846EED19B4CA6F00A4F6E5 /* main.m */ = {isa = PBXFileReference; lastKnownFileType = sourcecode.c.objc; path = main.m; sourceTree = "<group>"; };
		46846EEF19B4CA6F00A4F6E5 /* TouchTracker-Prefix.pch */ = {isa = PBXFileReference; lastKnownFileType = sourcecode.c.h; path = "TouchTracker-Prefix.pch"; sourceTree = "<group>"; };
		46846EF019B4CA6F00A4F6E5 /* BNRAppDelegate.h */ = {isa = PBXFileReference; lastKnownFileType = sourcecode.c.h; path = BNRAppDelegate.h; sourceTree = "<group>"; };
		46846EF119B4CA6F00A4F6E5 /* BNRAppDelegate.m */ = {isa = PBXFileReference; lastKnownFileType = sourcecode.c.objc; path = BNRAppDelegate.m; sourceTree = "<group>"; };
		46846EF319B4CA6F00A4F6E5 /* Images.xcassets */ = {isa = PBXFileReference; lastKnownFileType = folder.assetcatalog; path = Images.xcassets; sourceTree = "<group>"; };
		46846EF919B4CA6F00A4F6E5 /* TouchTrackerTests.xctest */ = {isa = PBXFileReference; explicitFileType = wrapper.cfbundle; includeInIndex = 0; path = TouchTrackerTests.xctest; sourceTree = BUILT_PRODUCTS_DIR; };
		46846EFA19B4CA6F00A4F6E5 /* XCTest.framework */ = {isa = PBXFileReference; lastKnownFileType = wrapper.framework; name = XCTest.framework; path = Library/Frameworks/XCTest.framework; sourceTree = DEVELOPER_DIR; };
		46846F0219B4CA6F00A4F6E5 /* TouchTrackerTests-Info.plist */ = {isa = PBXFileReference; lastKnownFileType = text.plist.xml; path = "TouchTrackerTests-Info.plist"; sourceTree = "<group>"; };
		46846F0419B4CA6F00A4F6E5 /* en */ = {isa = PBXFileReference; lastKnownFileType = text.plist.strings; name = en; path = en.lproj/InfoPlist.strings; sourceTree = "<group>"; };
		46846F0619B4CA6F00A4F6E5 /* TouchTrackerTests.m */ = {isa = PBXFileReference; lastKnownFileType = sourcecode.c.objc; path = TouchTrackerTests.m; sourceTree = "<group>"; };
		46846F1019B4CAA000A4F6E5 /* BNRLine.h */ = {isa = PBXFileReference; fileEncoding = 4; lastKnownFileType = sourcecode.c.h; path = BNRLine.h; sourceTree = "<group>"; };
		46846F1119B4CAA000A4F6E5 /* BNRLine.m */ = {isa = PBXFileReference; fileEncoding = 4; lastKnownFileType = sourcecode.c.objc; path = BNRLine.m; sourceTree = "<group>"; };
		46846F1319B4CB1000A4F6E5 /* BNRDrawView.h */ = {isa = PBXFileReference; fileEncoding = 4; lastKnownFileType = sourcecode.c.h; path = BNRDrawView.h; sourceTree = "<group>"; };
		46846F1419B4CB1000A4F6E5 /* BNRDrawView.m */ = {isa = PBXFileReference; fileEncoding = 4; lastKnownFileType = sourcecode.c.objc; path = BNRDrawView.m; sourceTree = "<group>"; };
		46846F1619B4CB6F00A4F6E5 /* BNRDrawViewController.h */ = {isa = PBXFileReference; fileEncoding = 4; lastKnownFileType = sourcecode.c.h; path = BNRDrawViewController.h; sourceTree = "<group>"; };
		46846F1719B4CB6F00A4F6E5 /* BNRDrawViewController.m */ = {isa = PBXFileReference; fileEncoding = 4; lastKnownFileType = sourcecode.c.objc; path = BNRDrawViewController.m; sourceTree = "<group>"; };
/* End PBXFileReference section */

/* Begin PBXFrameworksBuildPhase section */
		46846EDB19B4CA6F00A4F6E5 /* Frameworks */ = {
			isa = PBXFrameworksBuildPhase;
			buildActionMask = 2147483647;
			files = (
				46846EE419B4CA6F00A4F6E5 /* CoreGraphics.framework in Frameworks */,
				46846EE619B4CA6F00A4F6E5 /* UIKit.framework in Frameworks */,
				46846EE219B4CA6F00A4F6E5 /* Foundation.framework in Frameworks */,
			);
			runOnlyForDeploymentPostprocessing = 0;
		};
		46846EF619B4CA6F00A4F6E5 /* Frameworks */ = {
			isa = PBXFrameworksBuildPhase;
			buildActionMask = 2147483647;
			files = (
				46846EFB19B4CA6F00A4F6E5 /* XCTest.framework in Frameworks */,
				46846EFD19B4CA6F00A4F6E5 /* UIKit.framework in Frameworks */,
				46846EFC19B4CA6F00A4F6E5 /* Foundation.framework in Frameworks */,
			);
			runOnlyForDeploymentPostprocessing = 0;
		};
/* End PBXFrameworksBuildPhase section */

/* Begin PBXGroup section */
		46846ED519B4CA6F00A4F6E5 = {
			isa = PBXGroup;
			children = (
				46846F1019B4CAA000A4F6E5 /* BNRLine.h */,
				46846F1119B4CAA000A4F6E5 /* BNRLine.m */,
				46846F1319B4CB1000A4F6E5 /* BNRDrawView.h */,
				46846F1419B4CB1000A4F6E5 /* BNRDrawView.m */,
				46846F1619B4CB6F00A4F6E5 /* BNRDrawViewController.h */,
				46846F1719B4CB6F00A4F6E5 /* BNRDrawViewController.m */,
				46846EE719B4CA6F00A4F6E5 /* TouchTracker */,
				46846F0019B4CA6F00A4F6E5 /* TouchTrackerTests */,
				46846EE019B4CA6F00A4F6E5 /* Frameworks */,
				46846EDF19B4CA6F00A4F6E5 /* Products */,
			);
			sourceTree = "<group>";
		};
		46846EDF19B4CA6F00A4F6E5 /* Products */ = {
			isa = PBXGroup;
			children = (
				46846EDE19B4CA6F00A4F6E5 /* TouchTracker.app */,
				46846EF919B4CA6F00A4F6E5 /* TouchTrackerTests.xctest */,
			);
			name = Products;
			sourceTree = "<group>";
		};
		46846EE019B4CA6F00A4F6E5 /* Frameworks */ = {
			isa = PBXGroup;
			children = (
				46846EE119B4CA6F00A4F6E5 /* Foundation.framework */,
				46846EE319B4CA6F00A4F6E5 /* CoreGraphics.framework */,
				46846EE519B4CA6F00A4F6E5 /* UIKit.framework */,
				46846EFA19B4CA6F00A4F6E5 /* XCTest.framework */,
			);
			name = Frameworks;
			sourceTree = "<group>";
		};
		46846EE719B4CA6F00A4F6E5 /* TouchTracker */ = {
			isa = PBXGroup;
			children = (
				46846EF019B4CA6F00A4F6E5 /* BNRAppDelegate.h */,
				46846EF119B4CA6F00A4F6E5 /* BNRAppDelegate.m */,
				46846EF319B4CA6F00A4F6E5 /* Images.xcassets */,
				46846EE819B4CA6F00A4F6E5 /* Supporting Files */,
			);
			path = TouchTracker;
			sourceTree = "<group>";
		};
		46846EE819B4CA6F00A4F6E5 /* Supporting Files */ = {
			isa = PBXGroup;
			children = (
				46846EE919B4CA6F00A4F6E5 /* TouchTracker-Info.plist */,
				46846EEA19B4CA6F00A4F6E5 /* InfoPlist.strings */,
				46846EED19B4CA6F00A4F6E5 /* main.m */,
				46846EEF19B4CA6F00A4F6E5 /* TouchTracker-Prefix.pch */,
			);
			name = "Supporting Files";
			sourceTree = "<group>";
		};
		46846F0019B4CA6F00A4F6E5 /* TouchTrackerTests */ = {
			isa = PBXGroup;
			children = (
				46846F0619B4CA6F00A4F6E5 /* TouchTrackerTests.m */,
				46846F0119B4CA6F00A4F6E5 /* Supporting Files */,
			);
			path = TouchTrackerTests;
			sourceTree = "<group>";
		};
		46846F0119B4CA6F00A4F6E5 /* Supporting Files */ = {
			isa = PBXGroup;
			children = (
				46846F0219B4CA6F00A4F6E5 /* TouchTrackerTests-Info.plist */,
				46846F0319B4CA6F00A4F6E5 /* InfoPlist.strings */,
			);
			name = "Supporting Files";
			sourceTree = "<group>";
		};
/* End PBXGroup section */

/* Begin PBXNativeTarget section */
		46846EDD19B4CA6F00A4F6E5 /* TouchTracker */ = {
			isa = PBXNativeTarget;
			buildConfigurationList = 46846F0A19B4CA6F00A4F6E5 /* Build configuration list for PBXNativeTarget "TouchTracker" */;
			buildPhases = (
				46846EDA19B4CA6F00A4F6E5 /* Sources */,
				46846EDB19B4CA6F00A4F6E5 /* Frameworks */,
				46846EDC19B4CA6F00A4F6E5 /* Resources */,
			);
			buildRules = (
			);
			dependencies = (
			);
			name = TouchTracker;
			productName = TouchTracker;
			productReference = 46846EDE19B4CA6F00A4F6E5 /* TouchTracker.app */;
			productType = "com.apple.product-type.application";
		};
		46846EF819B4CA6F00A4F6E5 /* TouchTrackerTests */ = {
			isa = PBXNativeTarget;
			buildConfigurationList = 46846F0D19B4CA6F00A4F6E5 /* Build configuration list for PBXNativeTarget "TouchTrackerTests" */;
			buildPhases = (
				46846EF519B4CA6F00A4F6E5 /* Sources */,
				46846EF619B4CA6F00A4F6E5 /* Frameworks */,
				46846EF719B4CA6F00A4F6E5 /* Resources */,
			);
			buildRules = (
			);
			dependencies = (
				46846EFF19B4CA6F00A4F6E5 /* PBXTargetDependency */,
			);
			name = TouchTrackerTests;
			productName = TouchTrackerTests;
			productReference = 46846EF919B4CA6F00A4F6E5 /* TouchTrackerTests.xctest */;
			productType = "com.apple.product-type.bundle.unit-test";
		};
/* End PBXNativeTarget section */

/* Begin PBXProject section */
		46846ED619B4CA6F00A4F6E5 /* Project object */ = {
			isa = PBXProject;
			attributes = {
				CLASSPREFIX = BNR;
				LastUpgradeCheck = 0510;
				ORGANIZATIONNAME = "Anthony Fennell";
				TargetAttributes = {
					46846EF819B4CA6F00A4F6E5 = {
						TestTargetID = 46846EDD19B4CA6F00A4F6E5;
					};
				};
			};
			buildConfigurationList = 46846ED919B4CA6F00A4F6E5 /* Build configuration list for PBXProject "TouchTracker" */;
			compatibilityVersion = "Xcode 3.2";
			developmentRegion = English;
			hasScannedForEncodings = 0;
			knownRegions = (
				en,
			);
			mainGroup = 46846ED519B4CA6F00A4F6E5;
			productRefGroup = 46846EDF19B4CA6F00A4F6E5 /* Products */;
			projectDirPath = "";
			projectRoot = "";
			targets = (
				46846EDD19B4CA6F00A4F6E5 /* TouchTracker */,
				46846EF819B4CA6F00A4F6E5 /* TouchTrackerTests */,
			);
		};
/* End PBXProject section */

/* Begin PBXResourcesBuildPhase section */
		46846EDC19B4CA6F00A4F6E5 /* Resources */ = {
			isa = PBXResourcesBuildPhase;
			buildActionMask = 2147483647;
			files = (
				46846EEC19B4CA6F00A4F6E5 /* InfoPlist.strings in Resources */,
				46846EF419B4CA6F00A4F6E5 /* Images.xcassets in Resources */,
			);
			runOnlyForDeploymentPostprocessing = 0;
		};
		46846EF719B4CA6F00A4F6E5 /* Resources */ = {
			isa = PBXResourcesBuildPhase;
			buildActionMask = 2147483647;
			files = (
				46846F0519B4CA6F00A4F6E5 /* InfoPlist.strings in Resources */,
			);
			runOnlyForDeploymentPostprocessing = 0;
		};
/* End PBXResourcesBuildPhase section */

/* Begin PBXSourcesBuildPhase section */
		46846EDA19B4CA6F00A4F6E5 /* Sources */ = {
			isa = PBXSourcesBuildPhase;
			buildActionMask = 2147483647;
			files = (
				46846EEE19B4CA6F00A4F6E5 /* main.m in Sources */,
				46846F1819B4CB6F00A4F6E5 /* BNRDrawViewController.m in Sources */,
				46846F1219B4CAA000A4F6E5 /* BNRLine.m in Sources */,
				46846EF219B4CA6F00A4F6E5 /* BNRAppDelegate.m in Sources */,
				46846F1519B4CB1000A4F6E5 /* BNRDrawView.m in Sources */,
			);
			runOnlyForDeploymentPostprocessing = 0;
		};
		46846EF519B4CA6F00A4F6E5 /* Sources */ = {
			isa = PBXSourcesBuildPhase;
			buildActionMask = 2147483647;
			files = (
				46846F0719B4CA6F00A4F6E5 /* TouchTrackerTests.m in Sources */,
			);
			runOnlyForDeploymentPostprocessing = 0;
		};
/* End PBXSourcesBuildPhase section */

/* Begin PBXTargetDependency section */
		46846EFF19B4CA6F00A4F6E5 /* PBXTargetDependency */ = {
			isa = PBXTargetDependency;
			target = 46846EDD19B4CA6F00A4F6E5 /* TouchTracker */;
			targetProxy = 46846EFE19B4CA6F00A4F6E5 /* PBXContainerItemProxy */;
		};
/* End PBXTargetDependency section */

/* Begin PBXVariantGroup section */
		46846EEA19B4CA6F00A4F6E5 /* InfoPlist.strings */ = {
			isa = PBXVariantGroup;
			children = (
				46846EEB19B4CA6F00A4F6E5 /* en */,
			);
			name = InfoPlist.strings;
			sourceTree = "<group>";
		};
		46846F0319B4CA6F00A4F6E5 /* InfoPlist.strings */ = {
			isa = PBXVariantGroup;
			children = (
				46846F0419B4CA6F00A4F6E5 /* en */,
			);
			name = InfoPlist.strings;
			sourceTree = "<group>";
		};
/* End PBXVariantGroup section */

/* Begin XCBuildConfiguration section */
		46846F0819B4CA6F00A4F6E5 /* Debug */ = {
			isa = XCBuildConfiguration;
			buildSettings = {
				ALWAYS_SEARCH_USER_PATHS = NO;
				CLANG_CXX_LANGUAGE_STANDARD = "gnu++0x";
				CLANG_CXX_LIBRARY = "libc++";
				CLANG_ENABLE_MODULES = YES;
				CLANG_ENABLE_OBJC_ARC = YES;
				CLANG_WARN_BOOL_CONVERSION = YES;
				CLANG_WARN_CONSTANT_CONVERSION = YES;
				CLANG_WARN_DIRECT_OBJC_ISA_USAGE = YES_ERROR;
				CLANG_WARN_EMPTY_BODY = YES;
				CLANG_WARN_ENUM_CONVERSION = YES;
				CLANG_WARN_INT_CONVERSION = YES;
				CLANG_WARN_OBJC_ROOT_CLASS = YES_ERROR;
				CLANG_WARN__DUPLICATE_METHOD_MATCH = YES;
				"CODE_SIGN_IDENTITY[sdk=iphoneos*]" = "iPhone Developer";
				COPY_PHASE_STRIP = NO;
				GCC_C_LANGUAGE_STANDARD = gnu99;
				GCC_DYNAMIC_NO_PIC = NO;
				GCC_OPTIMIZATION_LEVEL = 0;
				GCC_PREPROCESSOR_DEFINITIONS = (
					"DEBUG=1",
					"$(inherited)",
				);
				GCC_SYMBOLS_PRIVATE_EXTERN = NO;
				GCC_WARN_64_TO_32_BIT_CONVERSION = YES;
				GCC_WARN_ABOUT_RETURN_TYPE = YES_ERROR;
				GCC_WARN_UNDECLARED_SELECTOR = YES;
				GCC_WARN_UNINITIALIZED_AUTOS = YES_AGGRESSIVE;
				GCC_WARN_UNUSED_FUNCTION = YES;
				GCC_WARN_UNUSED_VARIABLE = YES;
				IPHONEOS_DEPLOYMENT_TARGET = 7.1;
				ONLY_ACTIVE_ARCH = YES;
				SDKROOT = iphoneos;
			};
			name = Debug;
		};
		46846F0919B4CA6F00A4F6E5 /* Release */ = {
			isa = XCBuildConfiguration;
			buildSettings = {
				ALWAYS_SEARCH_USER_PATHS = NO;
				CLANG_CXX_LANGUAGE_STANDARD = "gnu++0x";
				CLANG_CXX_LIBRARY = "libc++";
				CLANG_ENABLE_MODULES = YES;
				CLANG_ENABLE_OBJC_ARC = YES;
				CLANG_WARN_BOOL_CONVERSION = YES;
				CLANG_WARN_CONSTANT_CONVERSION = YES;
				CLANG_WARN_DIRECT_OBJC_ISA_USAGE = YES_ERROR;
				CLANG_WARN_EMPTY_BODY = YES;
				CLANG_WARN_ENUM_CONVERSION = YES;
				CLANG_WARN_INT_CONVERSION = YES;
				CLANG_WARN_OBJC_ROOT_CLASS = YES_ERROR;
				CLANG_WARN__DUPLICATE_METHOD_MATCH = YES;
				"CODE_SIGN_IDENTITY[sdk=iphoneos*]" = "iPhone Developer";
				COPY_PHASE_STRIP = YES;
				ENABLE_NS_ASSERTIONS = NO;
				GCC_C_LANGUAGE_STANDARD = gnu99;
				GCC_WARN_64_TO_32_BIT_CONVERSION = YES;
				GCC_WARN_ABOUT_RETURN_TYPE = YES_ERROR;
				GCC_WARN_UNDECLARED_SELECTOR = YES;
				GCC_WARN_UNINITIALIZED_AUTOS = YES_AGGRESSIVE;
				GCC_WARN_UNUSED_FUNCTION = YES;
				GCC_WARN_UNUSED_VARIABLE = YES;
				IPHONEOS_DEPLOYMENT_TARGET = 7.1;
				SDKROOT = iphoneos;
				VALIDATE_PRODUCT = YES;
			};
			name = Release;
		};
		46846F0B19B4CA6F00A4F6E5 /* Debug */ = {
			isa = XCBuildConfiguration;
			buildSettings = {
				ASSETCATALOG_COMPILER_APPICON_NAME = AppIcon;
				ASSETCATALOG_COMPILER_LAUNCHIMAGE_NAME = LaunchImage;
				GCC_PRECOMPILE_PREFIX_HEADER = YES;
				GCC_PREFIX_HEADER = "TouchTracker/TouchTracker-Prefix.pch";
				INFOPLIST_FILE = "TouchTracker/TouchTracker-Info.plist";
				PRODUCT_NAME = "$(TARGET_NAME)";
				WRAPPER_EXTENSION = app;
			};
			name = Debug;
		};
		46846F0C19B4CA6F00A4F6E5 /* Release */ = {
			isa = XCBuildConfiguration;
			buildSettings = {
				ASSETCATALOG_COMPILER_APPICON_NAME = AppIcon;
				ASSETCATALOG_COMPILER_LAUNCHIMAGE_NAME = LaunchImage;
				GCC_PRECOMPILE_PREFIX_HEADER = YES;
				GCC_PREFIX_HEADER = "TouchTracker/TouchTracker-Prefix.pch";
				INFOPLIST_FILE = "TouchTracker/TouchTracker-Info.plist";
				PRODUCT_NAME = "$(TARGET_NAME)";
				WRAPPER_EXTENSION = app;
			};
			name = Release;
		};
		46846F0E19B4CA6F00A4F6E5 /* Debug */ = {
			isa = XCBuildConfiguration;
			buildSettings = {
				BUNDLE_LOADER = "$(BUILT_PRODUCTS_DIR)/TouchTracker.app/TouchTracker";
				FRAMEWORK_SEARCH_PATHS = (
					"$(SDKROOT)/Developer/Library/Frameworks",
					"$(inherited)",
					"$(DEVELOPER_FRAMEWORKS_DIR)",
				);
				GCC_PRECOMPILE_PREFIX_HEADER = YES;
				GCC_PREFIX_HEADER = "TouchTracker/TouchTracker-Prefix.pch";
				GCC_PREPROCESSOR_DEFINITIONS = (
					"DEBUG=1",
					"$(inherited)",
				);
				INFOPLIST_FILE = "TouchTrackerTests/TouchTrackerTests-Info.plist";
				PRODUCT_NAME = "$(TARGET_NAME)";
				TEST_HOST = "$(BUNDLE_LOADER)";
				WRAPPER_EXTENSION = xctest;
			};
			name = Debug;
		};
		46846F0F19B4CA6F00A4F6E5 /* Release */ = {
			isa = XCBuildConfiguration;
			buildSettings = {
				BUNDLE_LOADER = "$(BUILT_PRODUCTS_DIR)/TouchTracker.app/TouchTracker";
				FRAMEWORK_SEARCH_PATHS = (
					"$(SDKROOT)/Developer/Library/Frameworks",
					"$(inherited)",
					"$(DEVELOPER_FRAMEWORKS_DIR)",
				);
				GCC_PRECOMPILE_PREFIX_HEADER = YES;
				GCC_PREFIX_HEADER = "TouchTracker/TouchTracker-Prefix.pch";
				INFOPLIST_FILE = "TouchTrackerTests/TouchTrackerTests-Info.plist";
				PRODUCT_NAME = "$(TARGET_NAME)";
				TEST_HOST = "$(BUNDLE_LOADER)";
				WRAPPER_EXTENSION = xctest;
			};
			name = Release;
		};
/* End XCBuildConfiguration section */

/* Begin XCConfigurationList section */
		46846ED919B4CA6F00A4F6E5 /* Build configuration list for PBXProject "TouchTracker" */ = {
			isa = XCConfigurationList;
			buildConfigurations = (
				46846F0819B4CA6F00A4F6E5 /* Debug */,
				46846F0919B4CA6F00A4F6E5 /* Release */,
			);
			defaultConfigurationIsVisible = 0;
			defaultConfigurationName = Release;
		};
		46846F0A19B4CA6F00A4F6E5 /* Build configuration list for PBXNativeTarget "TouchTracker" */ = {
			isa = XCConfigurationList;
			buildConfigurations = (
				46846F0B19B4CA6F00A4F6E5 /* Debug */,
				46846F0C19B4CA6F00A4F6E5 /* Release */,
			);
			defaultConfigurationIsVisible = 0;
		};
		46846F0D19B4CA6F00A4F6E5 /* Build configuration list for PBXNativeTarget "TouchTrackerTests" */ = {
			isa = XCConfigurationList;
			buildConfigurations = (
				46846F0E19B4CA6F00A4F6E5 /* Debug */,
				46846F0F19B4CA6F00A4F6E5 /* Release */,
			);
			defaultConfigurationIsVisible = 0;
		};
/* End XCConfigurationList section */
	};
	rootObject = 46846ED619B4CA6F00A4F6E5 /* Project object */;
}
